
Microsoft Visual Studio Solution File, Format Version 12.00
# Visual Studio 15
VisualStudioVersion = 15.0.28307.960
MinimumVisualStudioVersion = 10.0.40219.1
Project("{FAE04EC0-301F-11D3-BF4B-00C04F79EFBC}") = "CSFlowDocumentTanulo", "CSFlowDocumentTanulo\CSFlowDocumentTanulo.csproj", "{BC09FADD-3FB2-4693-BB95-6BF9DEC8AACA}"
EndProject
Global
	GlobalSection(SolutionConfigurationPlatforms) = preSolution
		Debug|Any CPU = Debug|Any CPU
		Release|Any CPU = Release|Any CPU
	EndGlobalSection
	GlobalSection(ProjectConfigurationPlatforms) = postSolution
		{BC09FADD-3FB2-4693-BB95-6BF9DEC8AACA}.Debug|Any CPU.ActiveCfg = Debug|Any CPU
		{BC09FADD-3FB2-4693-BB95-6BF9DEC8AACA}.Debug|Any CPU.Build.0 = Debug|Any CPU
		{BC09FADD-3FB2-4693-BB95-6BF9DEC8AACA}.Release|Any CPU.ActiveCfg = Release|Any CPU
		{BC09FADD-3FB2-4693-BB95-6BF9DEC8AACA}.Release|Any CPU.Build.0 = Release|Any CPU
	EndGlobalSection
	GlobalSection(SolutionProperties) = preSolution
		HideSolutionNode = FALSE
	EndGlobalSection
	GlobalSection(ExtensibilityGlobals) = postSolution
		SolutionGuid = {77C41429-3FDB-47B9-9333-2D38A6D18C30}
	EndGlobalSection
EndGlobal
